{
    "hash": "d1477fdaef20de4ba785fd70b716bd79",
    "packages": [
        {
            "name": "evenement/evenement",
            "version": "1.0.x-dev",
            "source": {
                "type": "git",
                "url": "https://github.com/igorw/evenement",
                "reference": "406a0bd40c4d934e020469b923fad6330512ed4c"
            },
            "dist": {
                "type": "zip",
                "url": "https://github.com/igorw/evenement/archive/406a0bd40c4d934e020469b923fad6330512ed4c.zip",
                "reference": "406a0bd40c4d934e020469b923fad6330512ed4c",
                "shasum": ""
            },
            "require": {
                "php": ">=5.3.0"
            },
            "time": "1351909043",
            "type": "library",
            "extra": {
                "branch-alias": {
                    "dev-master": "2.0-dev"
                }
            },
            "installation-source": "source",
            "autoload": {
                "psr-0": {
                    "Evenement": "src"
                }
            },
            "license": [
                "MIT"
            ],
            "authors": [
                {
                    "name": "Igor Wiedler",
                    "email": "igor@wiedler.ch",
                    "homepage": "http://wiedler.ch/igor/"
                }
            ],
            "description": "Événement is a very simple event dispatching library for PHP 5.3",
            "keywords": [
                "event-dispatcher"
            ]
        },
        {
            "name": "monolog/monolog",
            "version": "dev-master",
            "source": {
                "type": "git",
                "url": "https://github.com/Seldaek/monolog",
                "reference": "b23cfd3d6ce0b6c050dda723040b83a1a6d7637e"
            },
            "dist": {
                "type": "zip",
                "url": "https://github.com/Seldaek/monolog/archive/b23cfd3d6ce0b6c050dda723040b83a1a6d7637e.zip",
                "reference": "b23cfd3d6ce0b6c050dda723040b83a1a6d7637e",
                "shasum": ""
            },
            "require": {
                "php": ">=5.3.0"
            },
            "require-dev": {
                "mlehner/gelf-php": "1.0.*"
            },
            "suggest": {
                "mlehner/gelf-php": "Allow sending log messages to a GrayLog2 server",
                "ext-amqp": "Allow sending log messages to an AMQP server (1.0+ required)",
                "ext-mongo": "Allow sending log messages to a MongoDB server"
            },
            "time": "1352907970",
            "type": "library",
            "extra": {
                "branch-alias": {
                    "dev-master": "1.3.x-dev"
                }
            },
            "installation-source": "source",
            "autoload": {
                "psr-0": {
                    "Monolog": "src/"
                }
            },
            "license": [
                "MIT"
            ],
            "authors": [
                {
                    "name": "Jordi Boggiano",
                    "email": "j.boggiano@seld.be",
                    "homepage": "http://seld.be",
                    "role": "Developer"
                }
            ],
            "description": "Logging for PHP 5.3",
            "homepage": "http://github.com/Seldaek/monolog",
            "keywords": [
                "log",
                "logging"
            ]
        },
        {
            "name": "phergie/phergie-irc-connection",
            "version": "dev-master",
            "source": {
                "type": "git",
                "url": "https://github.com/phergie/phergie-irc-connection",
                "reference": "3bc79ba183a171c17535d02d21dfc23ccff6bbf7"
            },
            "dist": {
                "type": "zip",
                "url": "https://github.com/phergie/phergie-irc-connection/archive/3bc79ba183a171c17535d02d21dfc23ccff6bbf7.zip",
                "reference": "3bc79ba183a171c17535d02d21dfc23ccff6bbf7",
                "shasum": ""
            },
            "require": {
                "php": ">=5.3.3"
            },
            "time": "1352050801",
            "type": "library",
            "installation-source": "source",
            "autoload": {
                "psr-0": {
                    "Phergie": "src"
                }
            },
            "license": [
                "BSD-2-Clause"
            ],
            "description": "Data structure for containing information about an IRC client connection",
            "keywords": [
                "client",
                "server",
                "Connection",
                "irc"
            ]
        },
        {
            "name": "phergie/phergie-irc-generator",
            "version": "dev-master",
            "source": {
                "type": "git",
                "url": "https://github.com/phergie/phergie-irc-generator",
                "reference": "1.0.0"
            },
            "dist": {
                "type": "zip",
                "url": "https://github.com/phergie/phergie-irc-generator/archive/1.0.0.zip",
                "reference": "1.0.0",
                "shasum": ""
            },
            "require": {
                "php": ">=5.3.3"
            },
            "time": "1352072402",
            "type": "library",
            "installation-source": "source",
            "autoload": {
                "psr-0": {
                    "Phergie": "src"
                }
            },
            "license": [
                "BSD-2-Clause"
            ],
            "description": "Generator for messages conforming to the IRC protocol",
            "keywords": [
                "generator",
                "irc"
            ]
        },
        {
            "name": "phergie/phergie-irc-parser",
            "version": "dev-master",
            "source": {
                "type": "git",
                "url": "https://github.com/phergie/phergie-irc-parser",
                "reference": "08ef773f2fb288d111b182fabcc3b9e5ea340338"
            },
            "dist": {
                "type": "zip",
                "url": "https://github.com/phergie/phergie-irc-parser/archive/08ef773f2fb288d111b182fabcc3b9e5ea340338.zip",
                "reference": "08ef773f2fb288d111b182fabcc3b9e5ea340338",
                "shasum": ""
            },
            "require": {
                "php": ">=5.3.3"
            },
            "time": "1352159587",
            "type": "library",
            "installation-source": "source",
            "autoload": {
                "psr-0": {
                    "Phergie": "src"
                }
            },
            "license": [
                "BSD-2-Clause"
            ],
            "description": "Parser for messages conforming to the IRC protocol",
            "keywords": [
                "parser",
                "irc"
            ]
        },
        {
            "name": "react/event-loop",
            "version": "dev-master",
            "target-dir": "React/EventLoop",
            "source": {
                "type": "git",
                "url": "https://github.com/reactphp/event-loop",
                "reference": "9388c315bd2ef516ce465fd7de6d179f5c450fbc"
            },
            "dist": {
                "type": "zip",
                "url": "https://github.com/reactphp/event-loop/archive/9388c315bd2ef516ce465fd7de6d179f5c450fbc.zip",
                "reference": "9388c315bd2ef516ce465fd7de6d179f5c450fbc",
                "shasum": ""
            },
            "require": {
                "php": ">=5.3.3"
            },
            "suggest": {
                "ext-libevent": ">=0.0.5"
            },
            "time": "1352121935",
            "type": "library",
            "extra": {
                "branch-alias": {
                    "dev-master": "0.2-dev"
                }
            },
            "installation-source": "source",
            "autoload": {
                "psr-0": {
                    "React\\EventLoop": ""
                }
            },
            "license": [
                "MIT"
            ],
            "description": "Event loop abstraction layer that libraries can use for evented I/O.",
            "keywords": [
                "event-loop"
            ]
        },
        {
            "name": "react/stream",
            "version": "dev-master",
            "target-dir": "React/Stream",
            "source": {
                "type": "git",
                "url": "https://github.com/reactphp/stream",
                "reference": "f44ee584058dbd30d471a4c210071a5618e61545"
            },
            "dist": {
                "type": "zip",
                "url": "https://github.com/reactphp/stream/archive/f44ee584058dbd30d471a4c210071a5618e61545.zip",
                "reference": "f44ee584058dbd30d471a4c210071a5618e61545",
                "shasum": ""
            },
            "require": {
                "evenement/evenement": "1.0.*",
                "php": ">=5.3.3"
            },
            "suggest": {
                "react/event-loop": "0.2.*"
            },
            "time": "1352121935",
            "type": "library",
            "extra": {
                "branch-alias": {
                    "dev-master": "0.2-dev"
                }
            },
            "installation-source": "source",
            "autoload": {
                "psr-0": {
                    "React\\Stream": ""
                }
            },
            "license": [
                "MIT"
            ],
            "description": "Basic readable and writable stream interfaces that support piping.",
            "keywords": [
                "stream",
                "pipe"
            ]
        }
    ],
    "packages-dev": [

    ],
    "aliases": [

    ],
    "minimum-stability": "dev",
    "stability-flags": {
        "phergie/phergie-irc-parser": 20,
        "phergie/phergie-irc-generator": 20,
        "phergie/phergie-irc-connection": 20,
        "react/event-loop": 20,
        "react/stream": 20,
        "monolog/monolog": 20
    }
}
